
Microsoft Visual Studio Solution File, Format Version 12.00
# Visual Studio 15
VisualStudioVersion = 15.0.27703.2047
MinimumVisualStudioVersion = 10.0.40219.1
Project("{FAE04EC0-301F-11D3-BF4B-00C04F79EFBC}") = "Razor", "Razor\Razor.csproj", "{B0464146-5AE1-482D-B915-B1F60E8151FF}"
EndProject
Global
	GlobalSection(SolutionConfigurationPlatforms) = preSolution
		Debug|Any CPU = Debug|Any CPU
		Release|Any CPU = Release|Any CPU
	EndGlobalSection
	GlobalSection(ProjectConfigurationPlatforms) = postSolution
		{B0464146-5AE1-482D-B915-B1F60E8151FF}.Debug|Any CPU.ActiveCfg = Debug|Any CPU
		{B0464146-5AE1-482D-B915-B1F60E8151FF}.Debug|Any CPU.Build.0 = Debug|Any CPU
		{B0464146-5AE1-482D-B915-B1F60E8151FF}.Release|Any CPU.ActiveCfg = Release|Any CPU
		{B0464146-5AE1-482D-B915-B1F60E8151FF}.Release|Any CPU.Build.0 = Release|Any CPU
	EndGlobalSection
	GlobalSection(SolutionProperties) = preSolution
		HideSolutionNode = FALSE
	EndGlobalSection
	GlobalSection(ExtensibilityGlobals) = postSolution
		SolutionGuid = {8BEFA44B-1305-4CCB-8FEE-29C53733D209}
	EndGlobalSection
EndGlobal
